schema: '2.0'
stages:
  process_data:
    cmd: python src/data/make_dataset.py data/raw/Crop_Recommendation.csv data/processed
    deps:
    - path: data/raw/Crop_Recommendation.csv
      hash: md5
      md5: e8b82c1adace83b8b96adddcfb040862
      size: 144866
    - path: src/data/make_dataset.py
      hash: md5
      md5: 5216b4736c549de81a92b512d0dd198a
      size: 2691
    outs:
    - path: data/processed/test.csv
      hash: md5
      md5: b463ad3a7428f58c3334206831eeaf52
      size: 29079
    - path: data/processed/train.csv
      hash: md5
      md5: c346797cb54b71d98acddb28a3f5324b
      size: 115862
  train_model:
    cmd: python src/models/train_model.py
    deps:
    - path: data/processed/train.csv
      hash: md5
      md5: c346797cb54b71d98acddb28a3f5324b
      size: 115862
    - path: src/models/train_model.py
      hash: md5
      md5: 072b49b7f64a5e406e80c79aebf47f9d
      size: 3535
    outs:
    - path: models/label_encoder.pkl
      hash: md5
      md5: dbb73fe8751d050f32b492e8d3570ffc
      size: 829
    - path: models/model.pkl
      hash: md5
      md5: e2d06f5fd5a8e312c3f96707bbb74a97
      size: 817805
  evaluate:
    cmd: python src/models/evaluate.py
    deps:
    - path: data/processed/test.csv
      hash: md5
      md5: b463ad3a7428f58c3334206831eeaf52
      size: 29079
    - path: models/model.pkl
      hash: md5
      md5: e2d06f5fd5a8e312c3f96707bbb74a97
      size: 817805
    - path: src/models/evaluate.py
      hash: md5
      md5: ba80906b10f4d8511ed7addb083b75be
      size: 5441
    outs:
    - path: models/metrics.json
      hash: md5
      md5: ec04f3ee49a8cc8c0ae0f8f265d40959
      size: 87
